
Microsoft Visual Studio Solution File, Format Version 12.00
# Visual Studio 15
VisualStudioVersion = 15.0.28307.168
MinimumVisualStudioVersion = 10.0.40219.1
Project("{FAE04EC0-301F-11D3-BF4B-00C04F79EFBC}") = "AngualrAppDemo", "AngualrAppDemo\AngualrAppDemo.csproj", "{5E188D4D-C1B3-4E34-860E-2BAA6F365784}"
EndProject
Project("{FAE04EC0-301F-11D3-BF4B-00C04F79EFBC}") = "WebApplication1", "WebApplication1\WebApplication1.csproj", "{53A5EC51-6B69-43F5-94E7-36D892B472B6}"
EndProject
Global
	GlobalSection(SolutionConfigurationPlatforms) = preSolution
		Debug|Any CPU = Debug|Any CPU
		Release|Any CPU = Release|Any CPU
	EndGlobalSection
	GlobalSection(ProjectConfigurationPlatforms) = postSolution
		{5E188D4D-C1B3-4E34-860E-2BAA6F365784}.Debug|Any CPU.ActiveCfg = Debug|Any CPU
		{5E188D4D-C1B3-4E34-860E-2BAA6F365784}.Debug|Any CPU.Build.0 = Debug|Any CPU
		{5E188D4D-C1B3-4E34-860E-2BAA6F365784}.Release|Any CPU.ActiveCfg = Release|Any CPU
		{5E188D4D-C1B3-4E34-860E-2BAA6F365784}.Release|Any CPU.Build.0 = Release|Any CPU
		{53A5EC51-6B69-43F5-94E7-36D892B472B6}.Debug|Any CPU.ActiveCfg = Debug|Any CPU
		{53A5EC51-6B69-43F5-94E7-36D892B472B6}.Debug|Any CPU.Build.0 = Debug|Any CPU
		{53A5EC51-6B69-43F5-94E7-36D892B472B6}.Release|Any CPU.ActiveCfg = Release|Any CPU
		{53A5EC51-6B69-43F5-94E7-36D892B472B6}.Release|Any CPU.Build.0 = Release|Any CPU
	EndGlobalSection
	GlobalSection(SolutionProperties) = preSolution
		HideSolutionNode = FALSE
	EndGlobalSection
	GlobalSection(ExtensibilityGlobals) = postSolution
		SolutionGuid = {90D8BEB6-D87F-4CAE-87AD-1C6FEDAADBC1}
	EndGlobalSection
EndGlobal
